<Solution>
  <Folder Name="/Api.Tests/">
    <Project Path="Api.Tests/InvestissementsDashboard.Api.Tests.csproj" />
  </Folder>
  <Folder Name="/Api/">
    <Project Path="Api/InvestissementsDashboard.Api.csproj" />
  </Folder>
  <Folder Name="/Shared/">
    <Project Path="Shared/InvestissementsDashboard.Shared.csproj" />
  </Folder>
</Solution>
